
Microsoft Visual Studio Solution File, Format Version 12.00
# Visual Studio Version 16
VisualStudioVersion = 16.0.29509.3
MinimumVisualStudioVersion = 10.0.40219.1
Project("{FAE04EC0-301F-11D3-BF4B-00C04F79EFBC}") = "AILab3", "AILab3.csproj", "{434D0F42-4FCF-4051-8D61-9E00889FC15D}"
EndProject
Global
	GlobalSection(SolutionConfigurationPlatforms) = preSolution
		Debug|Any CPU = Debug|Any CPU
		Release|Any CPU = Release|Any CPU
	EndGlobalSection
	GlobalSection(ProjectConfigurationPlatforms) = postSolution
		{434D0F42-4FCF-4051-8D61-9E00889FC15D}.Debug|Any CPU.ActiveCfg = Debug|Any CPU
		{434D0F42-4FCF-4051-8D61-9E00889FC15D}.Debug|Any CPU.Build.0 = Debug|Any CPU
		{434D0F42-4FCF-4051-8D61-9E00889FC15D}.Release|Any CPU.ActiveCfg = Release|Any CPU
		{434D0F42-4FCF-4051-8D61-9E00889FC15D}.Release|Any CPU.Build.0 = Release|Any CPU
	EndGlobalSection
	GlobalSection(SolutionProperties) = preSolution
		HideSolutionNode = FALSE
	EndGlobalSection
	GlobalSection(ExtensibilityGlobals) = postSolution
		SolutionGuid = {B6B878F7-5CF7-4FC9-8BF6-47700DA4076F}
	EndGlobalSection
EndGlobal
